
Microsoft Visual Studio Solution File, Format Version 12.00
# Visual Studio Version 17
VisualStudioVersion = 17.3.32922.545
MinimumVisualStudioVersion = 10.0.40219.1
Project("{FAE04EC0-301F-11D3-BF4B-00C04F79EFBC}") = "Dz33", "Dz33\Dz33.csproj", "{C0F7EA08-5747-4355-976E-6EC70992D102}"
EndProject
Global
	GlobalSection(SolutionConfigurationPlatforms) = preSolution
		Debug|Any CPU = Debug|Any CPU
		Release|Any CPU = Release|Any CPU
	EndGlobalSection
	GlobalSection(ProjectConfigurationPlatforms) = postSolution
		{C0F7EA08-5747-4355-976E-6EC70992D102}.Debug|Any CPU.ActiveCfg = Debug|Any CPU
		{C0F7EA08-5747-4355-976E-6EC70992D102}.Debug|Any CPU.Build.0 = Debug|Any CPU
		{C0F7EA08-5747-4355-976E-6EC70992D102}.Release|Any CPU.ActiveCfg = Release|Any CPU
		{C0F7EA08-5747-4355-976E-6EC70992D102}.Release|Any CPU.Build.0 = Release|Any CPU
	EndGlobalSection
	GlobalSection(SolutionProperties) = preSolution
		HideSolutionNode = FALSE
	EndGlobalSection
	GlobalSection(ExtensibilityGlobals) = postSolution
		SolutionGuid = {2441D0A8-E567-45C2-AC62-CDF878440E81}
	EndGlobalSection
EndGlobal
